
Microsoft Visual Studio Solution File, Format Version 12.00
Project("{FAE04EC0-301F-11D3-BF4B-00C04F79EFBC}") = "UserService", "src\userService\UserService.csproj", "{7BA2C7C3-5B47-4D8D-A08E-CDDD66A4145E}"
EndProject
Project("{FAE04EC0-301F-11D3-BF4B-00C04F79EFBC}") = "UserServiceTests", "test\UserServiceTests\UserServiceTests.csproj", "{418228C9-DCD4-4CD8-BD34-6BCF0A91718E}"
EndProject
Global
	GlobalSection(SolutionConfigurationPlatforms) = preSolution
		Debug|Any CPU = Debug|Any CPU
		Release|Any CPU = Release|Any CPU
	EndGlobalSection
	GlobalSection(ProjectConfigurationPlatforms) = postSolution
		{7BA2C7C3-5B47-4D8D-A08E-CDDD66A4145E}.Debug|Any CPU.ActiveCfg = Debug|Any CPU
		{7BA2C7C3-5B47-4D8D-A08E-CDDD66A4145E}.Debug|Any CPU.Build.0 = Debug|Any CPU
		{7BA2C7C3-5B47-4D8D-A08E-CDDD66A4145E}.Release|Any CPU.ActiveCfg = Release|Any CPU
		{7BA2C7C3-5B47-4D8D-A08E-CDDD66A4145E}.Release|Any CPU.Build.0 = Release|Any CPU
		{418228C9-DCD4-4CD8-BD34-6BCF0A91718E}.Debug|Any CPU.ActiveCfg = Debug|Any CPU
		{418228C9-DCD4-4CD8-BD34-6BCF0A91718E}.Debug|Any CPU.Build.0 = Debug|Any CPU
		{418228C9-DCD4-4CD8-BD34-6BCF0A91718E}.Release|Any CPU.ActiveCfg = Release|Any CPU
		{418228C9-DCD4-4CD8-BD34-6BCF0A91718E}.Release|Any CPU.Build.0 = Release|Any CPU
	EndGlobalSection
EndGlobal
